
Microsoft Visual Studio Solution File, Format Version 12.00
Project("{FAE04EC0-301F-11D3-BF4B-00C04F79EFBC}") = "BankIntegration.Domain", "BankIntegration.Domain\BankIntegration.Domain.csproj", "{4D8644E3-86A2-4209-9C96-B268CC54E33C}"
EndProject
Project("{FAE04EC0-301F-11D3-BF4B-00C04F79EFBC}") = "BankIntegration.Infra", "BankIntegration.Infra\BankIntegration.Infra.csproj", "{A2A9A05D-A094-43FF-B4E0-5B3190CA22E9}"
EndProject
Project("{FAE04EC0-301F-11D3-BF4B-00C04F79EFBC}") = "BankIntegration.Service", "BankIntegration.Service\BankIntegration.Service.csproj", "{5C1249D4-AF9F-41BF-8664-E9E5C56AE4C8}"
EndProject
Project("{FAE04EC0-301F-11D3-BF4B-00C04F79EFBC}") = "BankIntegration.API", "BankIntegration.API\BankIntegration.API.csproj", "{EF435E83-EE96-4ED7-89C6-02392A642980}"
EndProject
Project("{FAE04EC0-301F-11D3-BF4B-00C04F79EFBC}") = "BankIntegration.UnitTest", "BankIntegration.UnitTest\BankIntegration.UnitTest.csproj", "{0632C502-B871-46FD-BBA8-1A39069F0F3A}"
EndProject
Global
	GlobalSection(SolutionConfigurationPlatforms) = preSolution
		Debug|Any CPU = Debug|Any CPU
		Release|Any CPU = Release|Any CPU
	EndGlobalSection
	GlobalSection(ProjectConfigurationPlatforms) = postSolution
		{4D8644E3-86A2-4209-9C96-B268CC54E33C}.Debug|Any CPU.ActiveCfg = Debug|Any CPU
		{4D8644E3-86A2-4209-9C96-B268CC54E33C}.Debug|Any CPU.Build.0 = Debug|Any CPU
		{4D8644E3-86A2-4209-9C96-B268CC54E33C}.Release|Any CPU.ActiveCfg = Release|Any CPU
		{4D8644E3-86A2-4209-9C96-B268CC54E33C}.Release|Any CPU.Build.0 = Release|Any CPU
		{A2A9A05D-A094-43FF-B4E0-5B3190CA22E9}.Debug|Any CPU.ActiveCfg = Debug|Any CPU
		{A2A9A05D-A094-43FF-B4E0-5B3190CA22E9}.Debug|Any CPU.Build.0 = Debug|Any CPU
		{A2A9A05D-A094-43FF-B4E0-5B3190CA22E9}.Release|Any CPU.ActiveCfg = Release|Any CPU
		{A2A9A05D-A094-43FF-B4E0-5B3190CA22E9}.Release|Any CPU.Build.0 = Release|Any CPU
		{5C1249D4-AF9F-41BF-8664-E9E5C56AE4C8}.Debug|Any CPU.ActiveCfg = Debug|Any CPU
		{5C1249D4-AF9F-41BF-8664-E9E5C56AE4C8}.Debug|Any CPU.Build.0 = Debug|Any CPU
		{5C1249D4-AF9F-41BF-8664-E9E5C56AE4C8}.Release|Any CPU.ActiveCfg = Release|Any CPU
		{5C1249D4-AF9F-41BF-8664-E9E5C56AE4C8}.Release|Any CPU.Build.0 = Release|Any CPU
		{EF435E83-EE96-4ED7-89C6-02392A642980}.Debug|Any CPU.ActiveCfg = Debug|Any CPU
		{EF435E83-EE96-4ED7-89C6-02392A642980}.Debug|Any CPU.Build.0 = Debug|Any CPU
		{EF435E83-EE96-4ED7-89C6-02392A642980}.Release|Any CPU.ActiveCfg = Release|Any CPU
		{EF435E83-EE96-4ED7-89C6-02392A642980}.Release|Any CPU.Build.0 = Release|Any CPU
		{0632C502-B871-46FD-BBA8-1A39069F0F3A}.Debug|Any CPU.ActiveCfg = Debug|Any CPU
		{0632C502-B871-46FD-BBA8-1A39069F0F3A}.Debug|Any CPU.Build.0 = Debug|Any CPU
		{0632C502-B871-46FD-BBA8-1A39069F0F3A}.Release|Any CPU.ActiveCfg = Release|Any CPU
		{0632C502-B871-46FD-BBA8-1A39069F0F3A}.Release|Any CPU.Build.0 = Release|Any CPU
	EndGlobalSection
EndGlobal
